
Microsoft Visual Studio Solution File, Format Version 12.00
# Visual Studio Version 16
VisualStudioVersion = 16.0.30503.244
MinimumVisualStudioVersion = 10.0.40219.1
Project("{FAE04EC0-301F-11D3-BF4B-00C04F79EFBC}") = "Chrysallis_Eventos", "Chrysallis_Eventos\Chrysallis_Eventos.csproj", "{27E0F8B6-6412-46C7-B93C-DAF7A4E4A173}"
EndProject
Global
	GlobalSection(SolutionConfigurationPlatforms) = preSolution
		Debug|Any CPU = Debug|Any CPU
		Release|Any CPU = Release|Any CPU
	EndGlobalSection
	GlobalSection(ProjectConfigurationPlatforms) = postSolution
		{27E0F8B6-6412-46C7-B93C-DAF7A4E4A173}.Debug|Any CPU.ActiveCfg = Debug|Any CPU
		{27E0F8B6-6412-46C7-B93C-DAF7A4E4A173}.Debug|Any CPU.Build.0 = Debug|Any CPU
		{27E0F8B6-6412-46C7-B93C-DAF7A4E4A173}.Release|Any CPU.ActiveCfg = Release|Any CPU
		{27E0F8B6-6412-46C7-B93C-DAF7A4E4A173}.Release|Any CPU.Build.0 = Release|Any CPU
	EndGlobalSection
	GlobalSection(SolutionProperties) = preSolution
		HideSolutionNode = FALSE
	EndGlobalSection
	GlobalSection(ExtensibilityGlobals) = postSolution
		SolutionGuid = {422CD2D1-7255-4BF4-928D-E0B66ECA1D6E}
	EndGlobalSection
EndGlobal
